// !$*UTF8*$!
{
	archiveVersion = 1;
	classes = {
	};
	objectVersion = 56;
	objects = {

/* Begin PBXBuildFile section */
		4AA9497928D3F7EB00AC838B /* WorkoutsApp.swift in Sources */ = {isa = PBXBuildFile; fileRef = 4AA9497828D3F7EB00AC838B /* WorkoutsApp.swift */; };
		4AA9497B28D3F7EB00AC838B /* ContentView.swift in Sources */ = {isa = PBXBuildFile; fileRef = 4AA9497A28D3F7EB00AC838B /* ContentView.swift */; };
		4AA9497D28D3F7EB00AC838B /* Assets.xcassets in Resources */ = {isa = PBXBuildFile; fileRef = 4AA9497C28D3F7EB00AC838B /* Assets.xcassets */; };
		4AA9498028D3F7EB00AC838B /* Preview Assets.xcassets in Resources */ = {isa = PBXBuildFile; fileRef = 4AA9497F28D3F7EB00AC838B /* Preview Assets.xcassets */; };
		4AA9498A28D3F7EB00AC838B /* WorkoutsTests.swift in Sources */ = {isa = PBXBuildFile; fileRef = 4AA9498928D3F7EB00AC838B /* WorkoutsTests.swift */; };
		4AA9499428D3F7EB00AC838B /* WorkoutsUITests.swift in Sources */ = {isa = PBXBuildFile; fileRef = 4AA9499328D3F7EB00AC838B /* WorkoutsUITests.swift */; };
		4AA9499628D3F7EB00AC838B /* WorkoutsUITestsLaunchTests.swift in Sources */ = {isa = PBXBuildFile; fileRef = 4AA9499528D3F7EB00AC838B /* WorkoutsUITestsLaunchTests.swift */; };
		4AA949A428D3F82700AC838B /* Realm in Frameworks */ = {isa = PBXBuildFile; productRef = 4AA949A328D3F82700AC838B /* Realm */; };
		4AA949A628D3F82700AC838B /* RealmSwift in Frameworks */ = {isa = PBXBuildFile; productRef = 4AA949A528D3F82700AC838B /* RealmSwift */; };
		4AA949AC28D3FCFE00AC838B /* Workout.swift in Sources */ = {isa = PBXBuildFile; fileRef = 4AA949AB28D3FCFE00AC838B /* Workout.swift */; };
		4AA949AE28D41D0500AC838B /* WorkoutCell.swift in Sources */ = {isa = PBXBuildFile; fileRef = 4AA949AD28D41D0500AC838B /* WorkoutCell.swift */; };
		4AA949B028D424DE00AC838B /* WorkoutListScreen.swift in Sources */ = {isa = PBXBuildFile; fileRef = 4AA949AF28D424DE00AC838B /* WorkoutListScreen.swift */; };
		4AA949B228D42ECB00AC838B /* UIApplication+Extension.swift in Sources */ = {isa = PBXBuildFile; fileRef = 4AA949B128D42ECB00AC838B /* UIApplication+Extension.swift */; };
		4AA949B428D4366700AC838B /* AddWorkoutScreen.swift in Sources */ = {isa = PBXBuildFile; fileRef = 4AA949B328D4366700AC838B /* AddWorkoutScreen.swift */; };
		4AA949B828D437E500AC838B /* HapticManager.swift in Sources */ = {isa = PBXBuildFile; fileRef = 4AA949B728D437E500AC838B /* HapticManager.swift */; };
/* End PBXBuildFile section */

/* Begin PBXContainerItemProxy section */
		4AA9498628D3F7EB00AC838B /* PBXContainerItemProxy */ = {
			isa = PBXContainerItemProxy;
			containerPortal = 4AA9496D28D3F7EB00AC838B /* Project object */;
			proxyType = 1;
			remoteGlobalIDString = 4AA9497428D3F7EB00AC838B;
			remoteInfo = Workouts;
		};
		4AA9499028D3F7EB00AC838B /* PBXContainerItemProxy */ = {
			isa = PBXContainerItemProxy;
			containerPortal = 4AA9496D28D3F7EB00AC838B /* Project object */;
			proxyType = 1;
			remoteGlobalIDString = 4AA9497428D3F7EB00AC838B;
			remoteInfo = Workouts;
		};
/* End PBXContainerItemProxy section */

/* Begin PBXFileReference section */
		4AA9497528D3F7EB00AC838B /* Workouts.app */ = {isa = PBXFileReference; explicitFileType = wrapper.application; includeInIndex = 0; path = Workouts.app; sourceTree = BUILT_PRODUCTS_DIR; };
		4AA9497828D3F7EB00AC838B /* WorkoutsApp.swift */ = {isa = PBXFileReference; lastKnownFileType = sourcecode.swift; path = WorkoutsApp.swift; sourceTree = "<group>"; };
		4AA9497A28D3F7EB00AC838B /* ContentView.swift */ = {isa = PBXFileReference; lastKnownFileType = sourcecode.swift; path = ContentView.swift; sourceTree = "<group>"; };
		4AA9497C28D3F7EB00AC838B /* Assets.xcassets */ = {isa = PBXFileReference; lastKnownFileType = folder.assetcatalog; path = Assets.xcassets; sourceTree = "<group>"; };
		4AA9497F28D3F7EB00AC838B /* Preview Assets.xcassets */ = {isa = PBXFileReference; lastKnownFileType = folder.assetcatalog; path = "Preview Assets.xcassets"; sourceTree = "<group>"; };
		4AA9498528D3F7EB00AC838B /* WorkoutsTests.xctest */ = {isa = PBXFileReference; explicitFileType = wrapper.cfbundle; includeInIndex = 0; path = WorkoutsTests.xctest; sourceTree = BUILT_PRODUCTS_DIR; };
		4AA9498928D3F7EB00AC838B /* WorkoutsTests.swift */ = {isa = PBXFileReference; lastKnownFileType = sourcecode.swift; path = WorkoutsTests.swift; sourceTree = "<group>"; };
		4AA9498F28D3F7EB00AC838B /* WorkoutsUITests.xctest */ = {isa = PBXFileReference; explicitFileType = wrapper.cfbundle; includeInIndex = 0; path = WorkoutsUITests.xctest; sourceTree = BUILT_PRODUCTS_DIR; };
		4AA9499328D3F7EB00AC838B /* WorkoutsUITests.swift */ = {isa = PBXFileReference; lastKnownFileType = sourcecode.swift; path = WorkoutsUITests.swift; sourceTree = "<group>"; };
		4AA9499528D3F7EB00AC838B /* WorkoutsUITestsLaunchTests.swift */ = {isa = PBXFileReference; lastKnownFileType = sourcecode.swift; path = WorkoutsUITestsLaunchTests.swift; sourceTree = "<group>"; };
		4AA949AB28D3FCFE00AC838B /* Workout.swift */ = {isa = PBXFileReference; lastKnownFileType = sourcecode.swift; path = Workout.swift; sourceTree = "<group>"; };
		4AA949AD28D41D0500AC838B /* WorkoutCell.swift */ = {isa = PBXFileReference; lastKnownFileType = sourcecode.swift; path = WorkoutCell.swift; sourceTree = "<group>"; };
		4AA949AF28D424DE00AC838B /* WorkoutListScreen.swift */ = {isa = PBXFileReference; lastKnownFileType = sourcecode.swift; path = WorkoutListScreen.swift; sourceTree = "<group>"; };
		4AA949B128D42ECB00AC838B /* UIApplication+Extension.swift */ = {isa = PBXFileReference; lastKnownFileType = sourcecode.swift; path = "UIApplication+Extension.swift"; sourceTree = "<group>"; };
		4AA949B328D4366700AC838B /* AddWorkoutScreen.swift */ = {isa = PBXFileReference; lastKnownFileType = sourcecode.swift; path = AddWorkoutScreen.swift; sourceTree = "<group>"; };
		4AA949B728D437E500AC838B /* HapticManager.swift */ = {isa = PBXFileReference; lastKnownFileType = sourcecode.swift; path = HapticManager.swift; sourceTree = "<group>"; };
/* End PBXFileReference section */

/* Begin PBXFrameworksBuildPhase section */
		4AA9497228D3F7EB00AC838B /* Frameworks */ = {
			isa = PBXFrameworksBuildPhase;
			buildActionMask = 2147483647;
			files = (
				4AA949A628D3F82700AC838B /* RealmSwift in Frameworks */,
				4AA949A428D3F82700AC838B /* Realm in Frameworks */,
			);
			runOnlyForDeploymentPostprocessing = 0;
		};
		4AA9498228D3F7EB00AC838B /* Frameworks */ = {
			isa = PBXFrameworksBuildPhase;
			buildActionMask = 2147483647;
			files = (
			);
			runOnlyForDeploymentPostprocessing = 0;
		};
		4AA9498C28D3F7EB00AC838B /* Frameworks */ = {
			isa = PBXFrameworksBuildPhase;
			buildActionMask = 2147483647;
			files = (
			);
			runOnlyForDeploymentPostprocessing = 0;
		};
/* End PBXFrameworksBuildPhase section */

/* Begin PBXGroup section */
		4AA9496C28D3F7EB00AC838B = {
			isa = PBXGroup;
			children = (
				4AA9497728D3F7EB00AC838B /* Workouts */,
				4AA9498828D3F7EB00AC838B /* WorkoutsTests */,
				4AA9499228D3F7EB00AC838B /* WorkoutsUITests */,
				4AA9497628D3F7EB00AC838B /* Products */,
			);
			sourceTree = "<group>";
		};
		4AA9497628D3F7EB00AC838B /* Products */ = {
			isa = PBXGroup;
			children = (
				4AA9497528D3F7EB00AC838B /* Workouts.app */,
				4AA9498528D3F7EB00AC838B /* WorkoutsTests.xctest */,
				4AA9498F28D3F7EB00AC838B /* WorkoutsUITests.xctest */,
			);
			name = Products;
			sourceTree = "<group>";
		};
		4AA9497728D3F7EB00AC838B /* Workouts */ = {
			isa = PBXGroup;
			children = (
				4AA949B628D437CD00AC838B /* Managers */,
				4AA949AA28D3F86000AC838B /* Views */,
				4AA949A928D3F85600AC838B /* Models */,
				4AA949A828D3F83D00AC838B /* Extensions */,
				4AA949A728D3F83500AC838B /* Helper */,
				4AA9497828D3F7EB00AC838B /* WorkoutsApp.swift */,
				4AA9497C28D3F7EB00AC838B /* Assets.xcassets */,
				4AA9497E28D3F7EB00AC838B /* Preview Content */,
			);
			path = Workouts;
			sourceTree = "<group>";
		};
		4AA9497E28D3F7EB00AC838B /* Preview Content */ = {
			isa = PBXGroup;
			children = (
				4AA9497F28D3F7EB00AC838B /* Preview Assets.xcassets */,
			);
			path = "Preview Content";
			sourceTree = "<group>";
		};
		4AA9498828D3F7EB00AC838B /* WorkoutsTests */ = {
			isa = PBXGroup;
			children = (
				4AA9498928D3F7EB00AC838B /* WorkoutsTests.swift */,
			);
			path = WorkoutsTests;
			sourceTree = "<group>";
		};
		4AA9499228D3F7EB00AC838B /* WorkoutsUITests */ = {
			isa = PBXGroup;
			children = (
				4AA9499328D3F7EB00AC838B /* WorkoutsUITests.swift */,
				4AA9499528D3F7EB00AC838B /* WorkoutsUITestsLaunchTests.swift */,
			);
			path = WorkoutsUITests;
			sourceTree = "<group>";
		};
		4AA949A728D3F83500AC838B /* Helper */ = {
			isa = PBXGroup;
			children = (
			);
			path = Helper;
			sourceTree = "<group>";
		};
		4AA949A828D3F83D00AC838B /* Extensions */ = {
			isa = PBXGroup;
			children = (
				4AA949B128D42ECB00AC838B /* UIApplication+Extension.swift */,
			);
			path = Extensions;
			sourceTree = "<group>";
		};
		4AA949A928D3F85600AC838B /* Models */ = {
			isa = PBXGroup;
			children = (
				4AA949AB28D3FCFE00AC838B /* Workout.swift */,
			);
			path = Models;
			sourceTree = "<group>";
		};
		4AA949AA28D3F86000AC838B /* Views */ = {
			isa = PBXGroup;
			children = (
				4AA9497A28D3F7EB00AC838B /* ContentView.swift */,
				4AA949AD28D41D0500AC838B /* WorkoutCell.swift */,
				4AA949B528D4366F00AC838B /* Screens */,
			);
			path = Views;
			sourceTree = "<group>";
		};
		4AA949B528D4366F00AC838B /* Screens */ = {
			isa = PBXGroup;
			children = (
				4AA949B328D4366700AC838B /* AddWorkoutScreen.swift */,
				4AA949AF28D424DE00AC838B /* WorkoutListScreen.swift */,
			);
			path = Screens;
			sourceTree = "<group>";
		};
		4AA949B628D437CD00AC838B /* Managers */ = {
			isa = PBXGroup;
			children = (
				4AA949B728D437E500AC838B /* HapticManager.swift */,
			);
			path = Managers;
			sourceTree = "<group>";
		};
/* End PBXGroup section */

/* Begin PBXNativeTarget section */
		4AA9497428D3F7EB00AC838B /* Workouts */ = {
			isa = PBXNativeTarget;
			buildConfigurationList = 4AA9499928D3F7EB00AC838B /* Build configuration list for PBXNativeTarget "Workouts" */;
			buildPhases = (
				4AA9497128D3F7EB00AC838B /* Sources */,
				4AA9497228D3F7EB00AC838B /* Frameworks */,
				4AA9497328D3F7EB00AC838B /* Resources */,
			);
			buildRules = (
			);
			dependencies = (
			);
			name = Workouts;
			packageProductDependencies = (
				4AA949A328D3F82700AC838B /* Realm */,
				4AA949A528D3F82700AC838B /* RealmSwift */,
			);
			productName = Workouts;
			productReference = 4AA9497528D3F7EB00AC838B /* Workouts.app */;
			productType = "com.apple.product-type.application";
		};
		4AA9498428D3F7EB00AC838B /* WorkoutsTests */ = {
			isa = PBXNativeTarget;
			buildConfigurationList = 4AA9499C28D3F7EB00AC838B /* Build configuration list for PBXNativeTarget "WorkoutsTests" */;
			buildPhases = (
				4AA9498128D3F7EB00AC838B /* Sources */,
				4AA9498228D3F7EB00AC838B /* Frameworks */,
				4AA9498328D3F7EB00AC838B /* Resources */,
			);
			buildRules = (
			);
			dependencies = (
				4AA9498728D3F7EB00AC838B /* PBXTargetDependency */,
			);
			name = WorkoutsTests;
			productName = WorkoutsTests;
			productReference = 4AA9498528D3F7EB00AC838B /* WorkoutsTests.xctest */;
			productType = "com.apple.product-type.bundle.unit-test";
		};
		4AA9498E28D3F7EB00AC838B /* WorkoutsUITests */ = {
			isa = PBXNativeTarget;
			buildConfigurationList = 4AA9499F28D3F7EB00AC838B /* Build configuration list for PBXNativeTarget "WorkoutsUITests" */;
			buildPhases = (
				4AA9498B28D3F7EB00AC838B /* Sources */,
				4AA9498C28D3F7EB00AC838B /* Frameworks */,
				4AA9498D28D3F7EB00AC838B /* Resources */,
			);
			buildRules = (
			);
			dependencies = (
				4AA9499128D3F7EB00AC838B /* PBXTargetDependency */,
			);
			name = WorkoutsUITests;
			productName = WorkoutsUITests;
			productReference = 4AA9498F28D3F7EB00AC838B /* WorkoutsUITests.xctest */;
			productType = "com.apple.product-type.bundle.ui-testing";
		};
/* End PBXNativeTarget section */

/* Begin PBXProject section */
		4AA9496D28D3F7EB00AC838B /* Project object */ = {
			isa = PBXProject;
			attributes = {
				BuildIndependentTargetsInParallel = 1;
				LastSwiftUpdateCheck = 1400;
				LastUpgradeCheck = 1400;
				TargetAttributes = {
					4AA9497428D3F7EB00AC838B = {
						CreatedOnToolsVersion = 14.0;
					};
					4AA9498428D3F7EB00AC838B = {
						CreatedOnToolsVersion = 14.0;
						TestTargetID = 4AA9497428D3F7EB00AC838B;
					};
					4AA9498E28D3F7EB00AC838B = {
						CreatedOnToolsVersion = 14.0;
						TestTargetID = 4AA9497428D3F7EB00AC838B;
					};
				};
			};
			buildConfigurationList = 4AA9497028D3F7EB00AC838B /* Build configuration list for PBXProject "Workouts" */;
			compatibilityVersion = "Xcode 14.0";
			developmentRegion = en;
			hasScannedForEncodings = 0;
			knownRegions = (
				en,
				Base,
			);
			mainGroup = 4AA9496C28D3F7EB00AC838B;
			packageReferences = (
				4AA949A228D3F82700AC838B /* XCRemoteSwiftPackageReference "realm-cocoa" */,
			);
			productRefGroup = 4AA9497628D3F7EB00AC838B /* Products */;
			projectDirPath = "";
			projectRoot = "";
			targets = (
				4AA9497428D3F7EB00AC838B /* Workouts */,
				4AA9498428D3F7EB00AC838B /* WorkoutsTests */,
				4AA9498E28D3F7EB00AC838B /* WorkoutsUITests */,
			);
		};
/* End PBXProject section */

/* Begin PBXResourcesBuildPhase section */
		4AA9497328D3F7EB00AC838B /* Resources */ = {
			isa = PBXResourcesBuildPhase;
			buildActionMask = 2147483647;
			files = (
				4AA9498028D3F7EB00AC838B /* Preview Assets.xcassets in Resources */,
				4AA9497D28D3F7EB00AC838B /* Assets.xcassets in Resources */,
			);
			runOnlyForDeploymentPostprocessing = 0;
		};
		4AA9498328D3F7EB00AC838B /* Resources */ = {
			isa = PBXResourcesBuildPhase;
			buildActionMask = 2147483647;
			files = (
			);
			runOnlyForDeploymentPostprocessing = 0;
		};
		4AA9498D28D3F7EB00AC838B /* Resources */ = {
			isa = PBXResourcesBuildPhase;
			buildActionMask = 2147483647;
			files = (
			);
			runOnlyForDeploymentPostprocessing = 0;
		};
/* End PBXResourcesBuildPhase section */

/* Begin PBXSourcesBuildPhase section */
		4AA9497128D3F7EB00AC838B /* Sources */ = {
			isa = PBXSourcesBuildPhase;
			buildActionMask = 2147483647;
			files = (
				4AA9497B28D3F7EB00AC838B /* ContentView.swift in Sources */,
				4AA9497928D3F7EB00AC838B /* WorkoutsApp.swift in Sources */,
				4AA949B828D437E500AC838B /* HapticManager.swift in Sources */,
				4AA949B028D424DE00AC838B /* WorkoutListScreen.swift in Sources */,
				4AA949AC28D3FCFE00AC838B /* Workout.swift in Sources */,
				4AA949B228D42ECB00AC838B /* UIApplication+Extension.swift in Sources */,
				4AA949B428D4366700AC838B /* AddWorkoutScreen.swift in Sources */,
				4AA949AE28D41D0500AC838B /* WorkoutCell.swift in Sources */,
			);
			runOnlyForDeploymentPostprocessing = 0;
		};
		4AA9498128D3F7EB00AC838B /* Sources */ = {
			isa = PBXSourcesBuildPhase;
			buildActionMask = 2147483647;
			files = (
				4AA9498A28D3F7EB00AC838B /* WorkoutsTests.swift in Sources */,
			);
			runOnlyForDeploymentPostprocessing = 0;
		};
		4AA9498B28D3F7EB00AC838B /* Sources */ = {
			isa = PBXSourcesBuildPhase;
			buildActionMask = 2147483647;
			files = (
				4AA9499628D3F7EB00AC838B /* WorkoutsUITestsLaunchTests.swift in Sources */,
				4AA9499428D3F7EB00AC838B /* WorkoutsUITests.swift in Sources */,
			);
			runOnlyForDeploymentPostprocessing = 0;
		};
/* End PBXSourcesBuildPhase section */

/* Begin PBXTargetDependency section */
		4AA9498728D3F7EB00AC838B /* PBXTargetDependency */ = {
			isa = PBXTargetDependency;
			target = 4AA9497428D3F7EB00AC838B /* Workouts */;
			targetProxy = 4AA9498628D3F7EB00AC838B /* PBXContainerItemProxy */;
		};
		4AA9499128D3F7EB00AC838B /* PBXTargetDependency */ = {
			isa = PBXTargetDependency;
			target = 4AA9497428D3F7EB00AC838B /* Workouts */;
			targetProxy = 4AA9499028D3F7EB00AC838B /* PBXContainerItemProxy */;
		};
/* End PBXTargetDependency section */

/* Begin XCBuildConfiguration section */
		4AA9499728D3F7EB00AC838B /* Debug */ = {
			isa = XCBuildConfiguration;
			buildSettings = {
				ALWAYS_SEARCH_USER_PATHS = NO;
				CLANG_ANALYZER_NONNULL = YES;
				CLANG_ANALYZER_NUMBER_OBJECT_CONVERSION = YES_AGGRESSIVE;
				CLANG_CXX_LANGUAGE_STANDARD = "gnu++20";
				CLANG_ENABLE_MODULES = YES;
				CLANG_ENABLE_OBJC_ARC = YES;
				CLANG_ENABLE_OBJC_WEAK = YES;
				CLANG_WARN_BLOCK_CAPTURE_AUTORELEASING = YES;
				CLANG_WARN_BOOL_CONVERSION = YES;
				CLANG_WARN_COMMA = YES;
				CLANG_WARN_CONSTANT_CONVERSION = YES;
				CLANG_WARN_DEPRECATED_OBJC_IMPLEMENTATIONS = YES;
				CLANG_WARN_DIRECT_OBJC_ISA_USAGE = YES_ERROR;
				CLANG_WARN_DOCUMENTATION_COMMENTS = YES;
				CLANG_WARN_EMPTY_BODY = YES;
				CLANG_WARN_ENUM_CONVERSION = YES;
				CLANG_WARN_INFINITE_RECURSION = YES;
				CLANG_WARN_INT_CONVERSION = YES;
				CLANG_WARN_NON_LITERAL_NULL_CONVERSION = YES;
				CLANG_WARN_OBJC_IMPLICIT_RETAIN_SELF = YES;
				CLANG_WARN_OBJC_LITERAL_CONVERSION = YES;
				CLANG_WARN_OBJC_ROOT_CLASS = YES_ERROR;
				CLANG_WARN_QUOTED_INCLUDE_IN_FRAMEWORK_HEADER = YES;
				CLANG_WARN_RANGE_LOOP_ANALYSIS = YES;
				CLANG_WARN_STRICT_PROTOTYPES = YES;
				CLANG_WARN_SUSPICIOUS_MOVE = YES;
				CLANG_WARN_UNGUARDED_AVAILABILITY = YES_AGGRESSIVE;
				CLANG_WARN_UNREACHABLE_CODE = YES;
				CLANG_WARN__DUPLICATE_METHOD_MATCH = YES;
				COPY_PHASE_STRIP = NO;
				DEBUG_INFORMATION_FORMAT = dwarf;
				ENABLE_STRICT_OBJC_MSGSEND = YES;
				ENABLE_TESTABILITY = YES;
				GCC_C_LANGUAGE_STANDARD = gnu11;
				GCC_DYNAMIC_NO_PIC = NO;
				GCC_NO_COMMON_BLOCKS = YES;
				GCC_OPTIMIZATION_LEVEL = 0;
				GCC_PREPROCESSOR_DEFINITIONS = (
					"DEBUG=1",
					"$(inherited)",
				);
				GCC_WARN_64_TO_32_BIT_CONVERSION = YES;
				GCC_WARN_ABOUT_RETURN_TYPE = YES_ERROR;
				GCC_WARN_UNDECLARED_SELECTOR = YES;
				GCC_WARN_UNINITIALIZED_AUTOS = YES_AGGRESSIVE;
				GCC_WARN_UNUSED_FUNCTION = YES;
				GCC_WARN_UNUSED_VARIABLE = YES;
				IPHONEOS_DEPLOYMENT_TARGET = 16.0;
				MTL_ENABLE_DEBUG_INFO = INCLUDE_SOURCE;
				MTL_FAST_MATH = YES;
				ONLY_ACTIVE_ARCH = YES;
				SDKROOT = iphoneos;
				SWIFT_ACTIVE_COMPILATION_CONDITIONS = DEBUG;
				SWIFT_OPTIMIZATION_LEVEL = "-Onone";
			};
			name = Debug;
		};
		4AA9499828D3F7EB00AC838B /* Release */ = {
			isa = XCBuildConfiguration;
			buildSettings = {
				ALWAYS_SEARCH_USER_PATHS = NO;
				CLANG_ANALYZER_NONNULL = YES;
				CLANG_ANALYZER_NUMBER_OBJECT_CONVERSION = YES_AGGRESSIVE;
				CLANG_CXX_LANGUAGE_STANDARD = "gnu++20";
				CLANG_ENABLE_MODULES = YES;
				CLANG_ENABLE_OBJC_ARC = YES;
				CLANG_ENABLE_OBJC_WEAK = YES;
				CLANG_WARN_BLOCK_CAPTURE_AUTORELEASING = YES;
				CLANG_WARN_BOOL_CONVERSION = YES;
				CLANG_WARN_COMMA = YES;
				CLANG_WARN_CONSTANT_CONVERSION = YES;
				CLANG_WARN_DEPRECATED_OBJC_IMPLEMENTATIONS = YES;
				CLANG_WARN_DIRECT_OBJC_ISA_USAGE = YES_ERROR;
				CLANG_WARN_DOCUMENTATION_COMMENTS = YES;
				CLANG_WARN_EMPTY_BODY = YES;
				CLANG_WARN_ENUM_CONVERSION = YES;
				CLANG_WARN_INFINITE_RECURSION = YES;
				CLANG_WARN_INT_CONVERSION = YES;
				CLANG_WARN_NON_LITERAL_NULL_CONVERSION = YES;
				CLANG_WARN_OBJC_IMPLICIT_RETAIN_SELF = YES;
				CLANG_WARN_OBJC_LITERAL_CONVERSION = YES;
				CLANG_WARN_OBJC_ROOT_CLASS = YES_ERROR;
				CLANG_WARN_QUOTED_INCLUDE_IN_FRAMEWORK_HEADER = YES;
				CLANG_WARN_RANGE_LOOP_ANALYSIS = YES;
				CLANG_WARN_STRICT_PROTOTYPES = YES;
				CLANG_WARN_SUSPICIOUS_MOVE = YES;
				CLANG_WARN_UNGUARDED_AVAILABILITY = YES_AGGRESSIVE;
				CLANG_WARN_UNREACHABLE_CODE = YES;
				CLANG_WARN__DUPLICATE_METHOD_MATCH = YES;
				COPY_PHASE_STRIP = NO;
				DEBUG_INFORMATION_FORMAT = "dwarf-with-dsym";
				ENABLE_NS_ASSERTIONS = NO;
				ENABLE_STRICT_OBJC_MSGSEND = YES;
				GCC_C_LANGUAGE_STANDARD = gnu11;
				GCC_NO_COMMON_BLOCKS = YES;
				GCC_WARN_64_TO_32_BIT_CONVERSION = YES;
				GCC_WARN_ABOUT_RETURN_TYPE = YES_ERROR;
				GCC_WARN_UNDECLARED_SELECTOR = YES;
				GCC_WARN_UNINITIALIZED_AUTOS = YES_AGGRESSIVE;
				GCC_WARN_UNUSED_FUNCTION = YES;
				GCC_WARN_UNUSED_VARIABLE = YES;
				IPHONEOS_DEPLOYMENT_TARGET = 16.0;
				MTL_ENABLE_DEBUG_INFO = NO;
				MTL_FAST_MATH = YES;
				SDKROOT = iphoneos;
				SWIFT_COMPILATION_MODE = wholemodule;
				SWIFT_OPTIMIZATION_LEVEL = "-O";
				VALIDATE_PRODUCT = YES;
			};
			name = Release;
		};
		4AA9499A28D3F7EB00AC838B /* Debug */ = {
			isa = XCBuildConfiguration;
			buildSettings = {
				ASSETCATALOG_COMPILER_APPICON_NAME = AppIcon;
				ASSETCATALOG_COMPILER_GLOBAL_ACCENT_COLOR_NAME = AccentColor;
				CODE_SIGN_STYLE = Automatic;
				CURRENT_PROJECT_VERSION = 1;
				DEVELOPMENT_ASSET_PATHS = "\"Workouts/Preview Content\"";
				DEVELOPMENT_TEAM = W59W3QVKXJ;
				ENABLE_PREVIEWS = YES;
				GENERATE_INFOPLIST_FILE = YES;
				INFOPLIST_KEY_UIApplicationSceneManifest_Generation = YES;
				INFOPLIST_KEY_UIApplicationSupportsIndirectInputEvents = YES;
				INFOPLIST_KEY_UILaunchScreen_Generation = YES;
				INFOPLIST_KEY_UISupportedInterfaceOrientations_iPad = "UIInterfaceOrientationPortrait UIInterfaceOrientationPortraitUpsideDown UIInterfaceOrientationLandscapeLeft UIInterfaceOrientationLandscapeRight";
				INFOPLIST_KEY_UISupportedInterfaceOrientations_iPhone = "UIInterfaceOrientationPortrait UIInterfaceOrientationLandscapeLeft UIInterfaceOrientationLandscapeRight";
				LD_RUNPATH_SEARCH_PATHS = (
					"$(inherited)",
					"@executable_path/Frameworks",
				);
				MARKETING_VERSION = 1.0;
				PRODUCT_BUNDLE_IDENTIFIER = "com.sigmatech.daily-workout.Workouts";
				PRODUCT_NAME = "$(TARGET_NAME)";
				SWIFT_EMIT_LOC_STRINGS = YES;
				SWIFT_VERSION = 5.0;
				TARGETED_DEVICE_FAMILY = "1,2";
			};
			name = Debug;
		};
		4AA9499B28D3F7EB00AC838B /* Release */ = {
			isa = XCBuildConfiguration;
			buildSettings = {
				ASSETCATALOG_COMPILER_APPICON_NAME = AppIcon;
				ASSETCATALOG_COMPILER_GLOBAL_ACCENT_COLOR_NAME = AccentColor;
				CODE_SIGN_STYLE = Automatic;
				CURRENT_PROJECT_VERSION = 1;
				DEVELOPMENT_ASSET_PATHS = "\"Workouts/Preview Content\"";
				DEVELOPMENT_TEAM = W59W3QVKXJ;
				ENABLE_PREVIEWS = YES;
				GENERATE_INFOPLIST_FILE = YES;
				INFOPLIST_KEY_UIApplicationSceneManifest_Generation = YES;
				INFOPLIST_KEY_UIApplicationSupportsIndirectInputEvents = YES;
				INFOPLIST_KEY_UILaunchScreen_Generation = YES;
				INFOPLIST_KEY_UISupportedInterfaceOrientations_iPad = "UIInterfaceOrientationPortrait UIInterfaceOrientationPortraitUpsideDown UIInterfaceOrientationLandscapeLeft UIInterfaceOrientationLandscapeRight";
				INFOPLIST_KEY_UISupportedInterfaceOrientations_iPhone = "UIInterfaceOrientationPortrait UIInterfaceOrientationLandscapeLeft UIInterfaceOrientationLandscapeRight";
				LD_RUNPATH_SEARCH_PATHS = (
					"$(inherited)",
					"@executable_path/Frameworks",
				);
				MARKETING_VERSION = 1.0;
				PRODUCT_BUNDLE_IDENTIFIER = "com.sigmatech.daily-workout.Workouts";
				PRODUCT_NAME = "$(TARGET_NAME)";
				SWIFT_EMIT_LOC_STRINGS = YES;
				SWIFT_VERSION = 5.0;
				TARGETED_DEVICE_FAMILY = "1,2";
			};
			name = Release;
		};
		4AA9499D28D3F7EB00AC838B /* Debug */ = {
			isa = XCBuildConfiguration;
			buildSettings = {
				ALWAYS_EMBED_SWIFT_STANDARD_LIBRARIES = YES;
				BUNDLE_LOADER = "$(TEST_HOST)";
				CODE_SIGN_STYLE = Automatic;
				CURRENT_PROJECT_VERSION = 1;
				DEVELOPMENT_TEAM = W59W3QVKXJ;
				GENERATE_INFOPLIST_FILE = YES;
				IPHONEOS_DEPLOYMENT_TARGET = 16.0;
				MARKETING_VERSION = 1.0;
				PRODUCT_BUNDLE_IDENTIFIER = "com.sigmatech.daily-workout.WorkoutsTests";
				PRODUCT_NAME = "$(TARGET_NAME)";
				SWIFT_EMIT_LOC_STRINGS = NO;
				SWIFT_VERSION = 5.0;
				TARGETED_DEVICE_FAMILY = "1,2";
				TEST_HOST = "$(BUILT_PRODUCTS_DIR)/Workouts.app/$(BUNDLE_EXECUTABLE_FOLDER_PATH)/Workouts";
			};
			name = Debug;
		};
		4AA9499E28D3F7EB00AC838B /* Release */ = {
			isa = XCBuildConfiguration;
			buildSettings = {
				ALWAYS_EMBED_SWIFT_STANDARD_LIBRARIES = YES;
				BUNDLE_LOADER = "$(TEST_HOST)";
				CODE_SIGN_STYLE = Automatic;
				CURRENT_PROJECT_VERSION = 1;
				DEVELOPMENT_TEAM = W59W3QVKXJ;
				GENERATE_INFOPLIST_FILE = YES;
				IPHONEOS_DEPLOYMENT_TARGET = 16.0;
				MARKETING_VERSION = 1.0;
				PRODUCT_BUNDLE_IDENTIFIER = "com.sigmatech.daily-workout.WorkoutsTests";
				PRODUCT_NAME = "$(TARGET_NAME)";
				SWIFT_EMIT_LOC_STRINGS = NO;
				SWIFT_VERSION = 5.0;
				TARGETED_DEVICE_FAMILY = "1,2";
				TEST_HOST = "$(BUILT_PRODUCTS_DIR)/Workouts.app/$(BUNDLE_EXECUTABLE_FOLDER_PATH)/Workouts";
			};
			name = Release;
		};
		4AA949A028D3F7EB00AC838B /* Debug */ = {
			isa = XCBuildConfiguration;
			buildSettings = {
				ALWAYS_EMBED_SWIFT_STANDARD_LIBRARIES = YES;
				CODE_SIGN_STYLE = Automatic;
				CURRENT_PROJECT_VERSION = 1;
				DEVELOPMENT_TEAM = W59W3QVKXJ;
				GENERATE_INFOPLIST_FILE = YES;
				MARKETING_VERSION = 1.0;
				PRODUCT_BUNDLE_IDENTIFIER = "com.sigmatech.daily-workout.WorkoutsUITests";
				PRODUCT_NAME = "$(TARGET_NAME)";
				SWIFT_EMIT_LOC_STRINGS = NO;
				SWIFT_VERSION = 5.0;
				TARGETED_DEVICE_FAMILY = "1,2";
				TEST_TARGET_NAME = Workouts;
			};
			name = Debug;
		};
		4AA949A128D3F7EB00AC838B /* Release */ = {
			isa = XCBuildConfiguration;
			buildSettings = {
				ALWAYS_EMBED_SWIFT_STANDARD_LIBRARIES = YES;
				CODE_SIGN_STYLE = Automatic;
				CURRENT_PROJECT_VERSION = 1;
				DEVELOPMENT_TEAM = W59W3QVKXJ;
				GENERATE_INFOPLIST_FILE = YES;
				MARKETING_VERSION = 1.0;
				PRODUCT_BUNDLE_IDENTIFIER = "com.sigmatech.daily-workout.WorkoutsUITests";
				PRODUCT_NAME = "$(TARGET_NAME)";
				SWIFT_EMIT_LOC_STRINGS = NO;
				SWIFT_VERSION = 5.0;
				TARGETED_DEVICE_FAMILY = "1,2";
				TEST_TARGET_NAME = Workouts;
			};
			name = Release;
		};
/* End XCBuildConfiguration section */

/* Begin XCConfigurationList section */
		4AA9497028D3F7EB00AC838B /* Build configuration list for PBXProject "Workouts" */ = {
			isa = XCConfigurationList;
			buildConfigurations = (
				4AA9499728D3F7EB00AC838B /* Debug */,
				4AA9499828D3F7EB00AC838B /* Release */,
			);
			defaultConfigurationIsVisible = 0;
			defaultConfigurationName = Release;
		};
		4AA9499928D3F7EB00AC838B /* Build configuration list for PBXNativeTarget "Workouts" */ = {
			isa = XCConfigurationList;
			buildConfigurations = (
				4AA9499A28D3F7EB00AC838B /* Debug */,
				4AA9499B28D3F7EB00AC838B /* Release */,
			);
			defaultConfigurationIsVisible = 0;
			defaultConfigurationName = Release;
		};
		4AA9499C28D3F7EB00AC838B /* Build configuration list for PBXNativeTarget "WorkoutsTests" */ = {
			isa = XCConfigurationList;
			buildConfigurations = (
				4AA9499D28D3F7EB00AC838B /* Debug */,
				4AA9499E28D3F7EB00AC838B /* Release */,
			);
			defaultConfigurationIsVisible = 0;
			defaultConfigurationName = Release;
		};
		4AA9499F28D3F7EB00AC838B /* Build configuration list for PBXNativeTarget "WorkoutsUITests" */ = {
			isa = XCConfigurationList;
			buildConfigurations = (
				4AA949A028D3F7EB00AC838B /* Debug */,
				4AA949A128D3F7EB00AC838B /* Release */,
			);
			defaultConfigurationIsVisible = 0;
			defaultConfigurationName = Release;
		};
/* End XCConfigurationList section */

/* Begin XCRemoteSwiftPackageReference section */
		4AA949A228D3F82700AC838B /* XCRemoteSwiftPackageReference "realm-cocoa" */ = {
			isa = XCRemoteSwiftPackageReference;
			repositoryURL = "https://github.com/realm/realm-cocoa";
			requirement = {
				branch = master;
				kind = branch;
			};
		};
/* End XCRemoteSwiftPackageReference section */

/* Begin XCSwiftPackageProductDependency section */
		4AA949A328D3F82700AC838B /* Realm */ = {
			isa = XCSwiftPackageProductDependency;
			package = 4AA949A228D3F82700AC838B /* XCRemoteSwiftPackageReference "realm-cocoa" */;
			productName = Realm;
		};
		4AA949A528D3F82700AC838B /* RealmSwift */ = {
			isa = XCSwiftPackageProductDependency;
			package = 4AA949A228D3F82700AC838B /* XCRemoteSwiftPackageReference "realm-cocoa" */;
			productName = RealmSwift;
		};
/* End XCSwiftPackageProductDependency section */
	};
	rootObject = 4AA9496D28D3F7EB00AC838B /* Project object */;
}
